
Microsoft Visual Studio Solution File, Format Version 12.00
# Visual Studio Version 16
VisualStudioVersion = 16.0.32126.315
MinimumVisualStudioVersion = 10.0.40219.1
Project("{FAE04EC0-301F-11D3-BF4B-00C04F79EFBC}") = "Portfolio", "Portfolio\Portfolio.csproj", "{E0C9B7E0-D2BB-4238-BA77-C42585E31F82}"
EndProject
Project("{FAE04EC0-301F-11D3-BF4B-00C04F79EFBC}") = "Portfolio1", "Portfolio1\Portfolio1.csproj", "{9746F1D1-067A-4223-AE4C-0FD641DFA709}"
EndProject
Global
	GlobalSection(SolutionConfigurationPlatforms) = preSolution
		Debug|Any CPU = Debug|Any CPU
		Release|Any CPU = Release|Any CPU
	EndGlobalSection
	GlobalSection(ProjectConfigurationPlatforms) = postSolution
		{E0C9B7E0-D2BB-4238-BA77-C42585E31F82}.Debug|Any CPU.ActiveCfg = Debug|Any CPU
		{E0C9B7E0-D2BB-4238-BA77-C42585E31F82}.Debug|Any CPU.Build.0 = Debug|Any CPU
		{E0C9B7E0-D2BB-4238-BA77-C42585E31F82}.Release|Any CPU.ActiveCfg = Release|Any CPU
		{E0C9B7E0-D2BB-4238-BA77-C42585E31F82}.Release|Any CPU.Build.0 = Release|Any CPU
		{9746F1D1-067A-4223-AE4C-0FD641DFA709}.Debug|Any CPU.ActiveCfg = Debug|Any CPU
		{9746F1D1-067A-4223-AE4C-0FD641DFA709}.Debug|Any CPU.Build.0 = Debug|Any CPU
		{9746F1D1-067A-4223-AE4C-0FD641DFA709}.Release|Any CPU.ActiveCfg = Release|Any CPU
		{9746F1D1-067A-4223-AE4C-0FD641DFA709}.Release|Any CPU.Build.0 = Release|Any CPU
	EndGlobalSection
	GlobalSection(SolutionProperties) = preSolution
		HideSolutionNode = FALSE
	EndGlobalSection
	GlobalSection(ExtensibilityGlobals) = postSolution
		SolutionGuid = {259586D5-AA26-4E23-B850-90BFE24E43DE}
	EndGlobalSection
EndGlobal
